
Microsoft Visual Studio Solution File, Format Version 12.00
# Visual Studio Version 16
VisualStudioVersion = 16.0.31702.278
MinimumVisualStudioVersion = 10.0.40219.1
Project("{8BC9CEB8-8B4A-11D0-8D11-00A0C91BC942}") = "Lab5-1", "Lab5-1\Lab5-1.vcxproj", "{88B4AAA0-E85C-46CF-BE68-7ECA8F56365D}"
EndProject
Project("{8BC9CEB8-8B4A-11D0-8D11-00A0C91BC942}") = "Lab5-A", "Lab5-A\Lab5-A.vcxproj", "{08AFFD36-FFA4-41BB-BED4-6ACBD7A71951}"
EndProject
Project("{8BC9CEB8-8B4A-11D0-8D11-00A0C91BC942}") = "Lab5-B", "Lab5-B\Lab5-B.vcxproj", "{2155E978-29AE-440A-9715-0A58E0E7B5D1}"
EndProject
Project("{8BC9CEB8-8B4A-11D0-8D11-00A0C91BC942}") = "Lab5-C", "Lab5-C\Lab5-C.vcxproj", "{82250298-D45B-48E7-B1A9-7FFC79CE6A88}"
EndProject
Global
	GlobalSection(SolutionConfigurationPlatforms) = preSolution
		Debug|x64 = Debug|x64
		Debug|x86 = Debug|x86
		Release|x64 = Release|x64
		Release|x86 = Release|x86
	EndGlobalSection
	GlobalSection(ProjectConfigurationPlatforms) = postSolution
		{88B4AAA0-E85C-46CF-BE68-7ECA8F56365D}.Debug|x64.ActiveCfg = Debug|x64
		{88B4AAA0-E85C-46CF-BE68-7ECA8F56365D}.Debug|x64.Build.0 = Debug|x64
		{88B4AAA0-E85C-46CF-BE68-7ECA8F56365D}.Debug|x86.ActiveCfg = Debug|Win32
		{88B4AAA0-E85C-46CF-BE68-7ECA8F56365D}.Debug|x86.Build.0 = Debug|Win32
		{88B4AAA0-E85C-46CF-BE68-7ECA8F56365D}.Release|x64.ActiveCfg = Release|x64
		{88B4AAA0-E85C-46CF-BE68-7ECA8F56365D}.Release|x64.Build.0 = Release|x64
		{88B4AAA0-E85C-46CF-BE68-7ECA8F56365D}.Release|x86.ActiveCfg = Release|Win32
		{88B4AAA0-E85C-46CF-BE68-7ECA8F56365D}.Release|x86.Build.0 = Release|Win32
		{08AFFD36-FFA4-41BB-BED4-6ACBD7A71951}.Debug|x64.ActiveCfg = Debug|x64
		{08AFFD36-FFA4-41BB-BED4-6ACBD7A71951}.Debug|x64.Build.0 = Debug|x64
		{08AFFD36-FFA4-41BB-BED4-6ACBD7A71951}.Debug|x86.ActiveCfg = Debug|Win32
		{08AFFD36-FFA4-41BB-BED4-6ACBD7A71951}.Debug|x86.Build.0 = Debug|Win32
		{08AFFD36-FFA4-41BB-BED4-6ACBD7A71951}.Release|x64.ActiveCfg = Release|x64
		{08AFFD36-FFA4-41BB-BED4-6ACBD7A71951}.Release|x64.Build.0 = Release|x64
		{08AFFD36-FFA4-41BB-BED4-6ACBD7A71951}.Release|x86.ActiveCfg = Release|Win32
		{08AFFD36-FFA4-41BB-BED4-6ACBD7A71951}.Release|x86.Build.0 = Release|Win32
		{2155E978-29AE-440A-9715-0A58E0E7B5D1}.Debug|x64.ActiveCfg = Debug|x64
		{2155E978-29AE-440A-9715-0A58E0E7B5D1}.Debug|x64.Build.0 = Debug|x64
		{2155E978-29AE-440A-9715-0A58E0E7B5D1}.Debug|x86.ActiveCfg = Debug|Win32
		{2155E978-29AE-440A-9715-0A58E0E7B5D1}.Debug|x86.Build.0 = Debug|Win32
		{2155E978-29AE-440A-9715-0A58E0E7B5D1}.Release|x64.ActiveCfg = Release|x64
		{2155E978-29AE-440A-9715-0A58E0E7B5D1}.Release|x64.Build.0 = Release|x64
		{2155E978-29AE-440A-9715-0A58E0E7B5D1}.Release|x86.ActiveCfg = Release|Win32
		{2155E978-29AE-440A-9715-0A58E0E7B5D1}.Release|x86.Build.0 = Release|Win32
		{82250298-D45B-48E7-B1A9-7FFC79CE6A88}.Debug|x64.ActiveCfg = Debug|x64
		{82250298-D45B-48E7-B1A9-7FFC79CE6A88}.Debug|x64.Build.0 = Debug|x64
		{82250298-D45B-48E7-B1A9-7FFC79CE6A88}.Debug|x86.ActiveCfg = Debug|Win32
		{82250298-D45B-48E7-B1A9-7FFC79CE6A88}.Debug|x86.Build.0 = Debug|Win32
		{82250298-D45B-48E7-B1A9-7FFC79CE6A88}.Release|x64.ActiveCfg = Release|x64
		{82250298-D45B-48E7-B1A9-7FFC79CE6A88}.Release|x64.Build.0 = Release|x64
		{82250298-D45B-48E7-B1A9-7FFC79CE6A88}.Release|x86.ActiveCfg = Release|Win32
		{82250298-D45B-48E7-B1A9-7FFC79CE6A88}.Release|x86.Build.0 = Release|Win32
	EndGlobalSection
	GlobalSection(SolutionProperties) = preSolution
		HideSolutionNode = FALSE
	EndGlobalSection
	GlobalSection(ExtensibilityGlobals) = postSolution
		SolutionGuid = {096F9464-312A-478A-8060-39671D115860}
	EndGlobalSection
EndGlobal
