
Microsoft Visual Studio Solution File, Format Version 12.00
# Visual Studio Version 16
VisualStudioVersion = 16.0.31702.278
MinimumVisualStudioVersion = 10.0.40219.1
Project("{8BC9CEB8-8B4A-11D0-8D11-00A0C91BC942}") = "Lab5-1", "Lab5-1\Lab5-1.vcxproj", "{89F41F3C-4F90-401D-A45D-CCC2589F795D}"
EndProject
Project("{8BC9CEB8-8B4A-11D0-8D11-00A0C91BC942}") = "Lab5-A", "Lab5-A\Lab5-A.vcxproj", "{8C6D638D-7430-49BD-99F1-3C82B3C89AD1}"
EndProject
Global
	GlobalSection(SolutionConfigurationPlatforms) = preSolution
		Debug|x64 = Debug|x64
		Debug|x86 = Debug|x86
		Release|x64 = Release|x64
		Release|x86 = Release|x86
	EndGlobalSection
	GlobalSection(ProjectConfigurationPlatforms) = postSolution
		{89F41F3C-4F90-401D-A45D-CCC2589F795D}.Debug|x64.ActiveCfg = Debug|x64
		{89F41F3C-4F90-401D-A45D-CCC2589F795D}.Debug|x64.Build.0 = Debug|x64
		{89F41F3C-4F90-401D-A45D-CCC2589F795D}.Debug|x86.ActiveCfg = Debug|Win32
		{89F41F3C-4F90-401D-A45D-CCC2589F795D}.Debug|x86.Build.0 = Debug|Win32
		{89F41F3C-4F90-401D-A45D-CCC2589F795D}.Release|x64.ActiveCfg = Release|x64
		{89F41F3C-4F90-401D-A45D-CCC2589F795D}.Release|x64.Build.0 = Release|x64
		{89F41F3C-4F90-401D-A45D-CCC2589F795D}.Release|x86.ActiveCfg = Release|Win32
		{89F41F3C-4F90-401D-A45D-CCC2589F795D}.Release|x86.Build.0 = Release|Win32
		{8C6D638D-7430-49BD-99F1-3C82B3C89AD1}.Debug|x64.ActiveCfg = Debug|x64
		{8C6D638D-7430-49BD-99F1-3C82B3C89AD1}.Debug|x64.Build.0 = Debug|x64
		{8C6D638D-7430-49BD-99F1-3C82B3C89AD1}.Debug|x86.ActiveCfg = Debug|Win32
		{8C6D638D-7430-49BD-99F1-3C82B3C89AD1}.Debug|x86.Build.0 = Debug|Win32
		{8C6D638D-7430-49BD-99F1-3C82B3C89AD1}.Release|x64.ActiveCfg = Release|x64
		{8C6D638D-7430-49BD-99F1-3C82B3C89AD1}.Release|x64.Build.0 = Release|x64
		{8C6D638D-7430-49BD-99F1-3C82B3C89AD1}.Release|x86.ActiveCfg = Release|Win32
		{8C6D638D-7430-49BD-99F1-3C82B3C89AD1}.Release|x86.Build.0 = Release|Win32
	EndGlobalSection
	GlobalSection(SolutionProperties) = preSolution
		HideSolutionNode = FALSE
	EndGlobalSection
	GlobalSection(ExtensibilityGlobals) = postSolution
		SolutionGuid = {CF374D1F-1C9B-4F4D-8809-62BD5801125F}
	EndGlobalSection
EndGlobal
