
Microsoft Visual Studio Solution File, Format Version 12.00
# Visual Studio Version 16
VisualStudioVersion = 16.0.31702.278
MinimumVisualStudioVersion = 10.0.40219.1
Project("{8BC9CEB8-8B4A-11D0-8D11-00A0C91BC942}") = "Lab3-1", "Lab3-1\Lab3-1.vcxproj", "{4414E9CF-C9CB-4182-88C1-11F98F65163D}"
EndProject
Global
	GlobalSection(SolutionConfigurationPlatforms) = preSolution
		Debug|x64 = Debug|x64
		Debug|x86 = Debug|x86
		Release|x64 = Release|x64
		Release|x86 = Release|x86
	EndGlobalSection
	GlobalSection(ProjectConfigurationPlatforms) = postSolution
		{4414E9CF-C9CB-4182-88C1-11F98F65163D}.Debug|x64.ActiveCfg = Debug|x64
		{4414E9CF-C9CB-4182-88C1-11F98F65163D}.Debug|x64.Build.0 = Debug|x64
		{4414E9CF-C9CB-4182-88C1-11F98F65163D}.Debug|x86.ActiveCfg = Debug|Win32
		{4414E9CF-C9CB-4182-88C1-11F98F65163D}.Debug|x86.Build.0 = Debug|Win32
		{4414E9CF-C9CB-4182-88C1-11F98F65163D}.Release|x64.ActiveCfg = Release|x64
		{4414E9CF-C9CB-4182-88C1-11F98F65163D}.Release|x64.Build.0 = Release|x64
		{4414E9CF-C9CB-4182-88C1-11F98F65163D}.Release|x86.ActiveCfg = Release|Win32
		{4414E9CF-C9CB-4182-88C1-11F98F65163D}.Release|x86.Build.0 = Release|Win32
	EndGlobalSection
	GlobalSection(SolutionProperties) = preSolution
		HideSolutionNode = FALSE
	EndGlobalSection
	GlobalSection(ExtensibilityGlobals) = postSolution
		SolutionGuid = {FB91816A-D51E-4E2B-A7B0-49BB9DA02430}
	EndGlobalSection
EndGlobal
